
Microsoft Visual Studio Solution File, Format Version 12.00
# Visual Studio Version 17
VisualStudioVersion = 17.0.31903.59
MinimumVisualStudioVersion = 10.0.40219.1
Project("{FAE04EC0-301F-11D3-BF4B-00C04F79EFBC}") = "Tonestro.Maui.RevenueCat.Android", "Tonestro.Maui.RevenueCat.Android\Tonestro.Maui.RevenueCat.Android.csproj", "{0D8E01C7-AA21-40C1-B329-0FDE3125D3D0}"
EndProject
Project("{FAE04EC0-301F-11D3-BF4B-00C04F79EFBC}") = "Tonestro.Maui.RevenueCat.Android.Extensions", "Tonestro.Maui.RevenueCat.Android.Extensions\Tonestro.Maui.RevenueCat.Android.Extensions.csproj", "{5A98518F-71FF-4E57-8B77-6F17BA649F81}"
EndProject
Project("{FAE04EC0-301F-11D3-BF4B-00C04F79EFBC}") = "Tonestro.Maui.RevenueCat.Android.UsageChecker", "Tonestro.Maui.RevenueCat.Android.UsageChecker\Tonestro.Maui.RevenueCat.Android.UsageChecker.csproj", "{D2527E26-1161-4928-947C-F5F0E6ED603E}"
EndProject
Global
	GlobalSection(SolutionConfigurationPlatforms) = preSolution
		Debug|Any CPU = Debug|Any CPU
		Release|Any CPU = Release|Any CPU
	EndGlobalSection
	GlobalSection(SolutionProperties) = preSolution
		HideSolutionNode = FALSE
	EndGlobalSection
	GlobalSection(ProjectConfigurationPlatforms) = postSolution
		{0D8E01C7-AA21-40C1-B329-0FDE3125D3D0}.Debug|Any CPU.ActiveCfg = Debug|Any CPU
		{0D8E01C7-AA21-40C1-B329-0FDE3125D3D0}.Debug|Any CPU.Build.0 = Debug|Any CPU
		{0D8E01C7-AA21-40C1-B329-0FDE3125D3D0}.Release|Any CPU.ActiveCfg = Release|Any CPU
		{0D8E01C7-AA21-40C1-B329-0FDE3125D3D0}.Release|Any CPU.Build.0 = Release|Any CPU
		{5A98518F-71FF-4E57-8B77-6F17BA649F81}.Debug|Any CPU.ActiveCfg = Debug|Any CPU
		{5A98518F-71FF-4E57-8B77-6F17BA649F81}.Debug|Any CPU.Build.0 = Debug|Any CPU
		{5A98518F-71FF-4E57-8B77-6F17BA649F81}.Release|Any CPU.ActiveCfg = Release|Any CPU
		{5A98518F-71FF-4E57-8B77-6F17BA649F81}.Release|Any CPU.Build.0 = Release|Any CPU
		{D2527E26-1161-4928-947C-F5F0E6ED603E}.Debug|Any CPU.ActiveCfg = Debug|Any CPU
		{D2527E26-1161-4928-947C-F5F0E6ED603E}.Debug|Any CPU.Build.0 = Debug|Any CPU
		{D2527E26-1161-4928-947C-F5F0E6ED603E}.Release|Any CPU.ActiveCfg = Release|Any CPU
		{D2527E26-1161-4928-947C-F5F0E6ED603E}.Release|Any CPU.Build.0 = Release|Any CPU
	EndGlobalSection
EndGlobal
